
Microsoft Visual Studio Solution File, Format Version 12.00
# Visual Studio Version 17
VisualStudioVersion = 17.8.34601.278
MinimumVisualStudioVersion = 10.0.40219.1
Project("{FAE04EC0-301F-11D3-BF4B-00C04F79EFBC}") = "Prototype", "Prototype.csproj", "{FAF6B9AC-6FBC-4329-8A20-4845AB626D8C}"
EndProject
Global
	GlobalSection(SolutionConfigurationPlatforms) = preSolution
		Debug|Any CPU = Debug|Any CPU
		Release|Any CPU = Release|Any CPU
	EndGlobalSection
	GlobalSection(ProjectConfigurationPlatforms) = postSolution
		{FAF6B9AC-6FBC-4329-8A20-4845AB626D8C}.Debug|Any CPU.ActiveCfg = Debug|Any CPU
		{FAF6B9AC-6FBC-4329-8A20-4845AB626D8C}.Debug|Any CPU.Build.0 = Debug|Any CPU
		{FAF6B9AC-6FBC-4329-8A20-4845AB626D8C}.Release|Any CPU.ActiveCfg = Release|Any CPU
		{FAF6B9AC-6FBC-4329-8A20-4845AB626D8C}.Release|Any CPU.Build.0 = Release|Any CPU
	EndGlobalSection
	GlobalSection(SolutionProperties) = preSolution
		HideSolutionNode = FALSE
	EndGlobalSection
	GlobalSection(ExtensibilityGlobals) = postSolution
		SolutionGuid = {90B2530A-C6E4-4695-BE01-6E34BFC789DF}
	EndGlobalSection
EndGlobal
